
Microsoft Visual Studio Solution File, Format Version 12.00
# Visual Studio 15
VisualStudioVersion = 15.0.27703.2026
MinimumVisualStudioVersion = 10.0.40219.1
Project("{FAE04EC0-301F-11D3-BF4B-00C04F79EFBC}") = "TWLFontTools", "TWLFontTools\TWLFontTools.csproj", "{8EA9CD91-14C8-44AF-8207-A0D6C759D306}"
EndProject
Global
	GlobalSection(SolutionConfigurationPlatforms) = preSolution
		Debug|Any CPU = Debug|Any CPU
		Release|Any CPU = Release|Any CPU
	EndGlobalSection
	GlobalSection(ProjectConfigurationPlatforms) = postSolution
		{8EA9CD91-14C8-44AF-8207-A0D6C759D306}.Debug|Any CPU.ActiveCfg = Debug|Any CPU
		{8EA9CD91-14C8-44AF-8207-A0D6C759D306}.Debug|Any CPU.Build.0 = Debug|Any CPU
		{8EA9CD91-14C8-44AF-8207-A0D6C759D306}.Release|Any CPU.ActiveCfg = Release|Any CPU
		{8EA9CD91-14C8-44AF-8207-A0D6C759D306}.Release|Any CPU.Build.0 = Release|Any CPU
	EndGlobalSection
	GlobalSection(SolutionProperties) = preSolution
		HideSolutionNode = FALSE
	EndGlobalSection
	GlobalSection(ExtensibilityGlobals) = postSolution
		SolutionGuid = {B0AE74B4-0D85-453C-B10A-9D3CEDA9A348}
	EndGlobalSection
EndGlobal
